
Microsoft Visual Studio Solution File, Format Version 12.00
# Visual Studio 15
VisualStudioVersion = 15.0.28307.421
MinimumVisualStudioVersion = 10.0.40219.1
Project("{9A19103F-16F7-4668-BE54-9A1E7A4F7556}") = "Me.Arnedc.Example.Tizen.Wearable.App", "Me.Arnedc.Example.Tizen.Wearable.App\Me.Arnedc.Example.Tizen.Wearable.App.csproj", "{83747DBA-B1AB-44FC-BB12-6932DDBBBEA1}"
EndProject
Project("{9A19103F-16F7-4668-BE54-9A1E7A4F7556}") = "Tizen.Appium", "Tizen.Appium\Tizen.Appium.csproj", "{DCCEB779-EF49-40EB-B638-739795A7A791}"
EndProject
Project("{FAE04EC0-301F-11D3-BF4B-00C04F79EFBC}") = "Me.Arnedc.Example.Tizen.Wearable.UITest", "Me.Arnedc.Example.Tizen.Wearable.UITest\Me.Arnedc.Example.Tizen.Wearable.UITest.csproj", "{B19C892E-2628-4CA7-AD27-08D406A3B14B}"
EndProject
Project("{2150E333-8FDC-42A3-9474-1A3956D46DE8}") = "Solution Items", "Solution Items", "{D8298786-6C7D-42E4-9A41-52FB28C91170}"
	ProjectSection(SolutionItems) = preProject
		README.md = README.md
	EndProjectSection
EndProject
Global
	GlobalSection(SolutionConfigurationPlatforms) = preSolution
		Debug|Any CPU = Debug|Any CPU
		Release|Any CPU = Release|Any CPU
	EndGlobalSection
	GlobalSection(ProjectConfigurationPlatforms) = postSolution
		{83747DBA-B1AB-44FC-BB12-6932DDBBBEA1}.Debug|Any CPU.ActiveCfg = Debug|Any CPU
		{83747DBA-B1AB-44FC-BB12-6932DDBBBEA1}.Debug|Any CPU.Build.0 = Debug|Any CPU
		{83747DBA-B1AB-44FC-BB12-6932DDBBBEA1}.Release|Any CPU.ActiveCfg = Release|Any CPU
		{83747DBA-B1AB-44FC-BB12-6932DDBBBEA1}.Release|Any CPU.Build.0 = Release|Any CPU
		{DCCEB779-EF49-40EB-B638-739795A7A791}.Debug|Any CPU.ActiveCfg = Debug|Any CPU
		{DCCEB779-EF49-40EB-B638-739795A7A791}.Debug|Any CPU.Build.0 = Debug|Any CPU
		{DCCEB779-EF49-40EB-B638-739795A7A791}.Release|Any CPU.ActiveCfg = Release|Any CPU
		{DCCEB779-EF49-40EB-B638-739795A7A791}.Release|Any CPU.Build.0 = Release|Any CPU
		{B19C892E-2628-4CA7-AD27-08D406A3B14B}.Debug|Any CPU.ActiveCfg = Debug|Any CPU
		{B19C892E-2628-4CA7-AD27-08D406A3B14B}.Debug|Any CPU.Build.0 = Debug|Any CPU
		{B19C892E-2628-4CA7-AD27-08D406A3B14B}.Release|Any CPU.ActiveCfg = Release|Any CPU
		{B19C892E-2628-4CA7-AD27-08D406A3B14B}.Release|Any CPU.Build.0 = Release|Any CPU
	EndGlobalSection
	GlobalSection(SolutionProperties) = preSolution
		HideSolutionNode = FALSE
	EndGlobalSection
	GlobalSection(ExtensibilityGlobals) = postSolution
		SolutionGuid = {19E798B9-2910-4049-8EEB-CEE562BEB176}
	EndGlobalSection
EndGlobal
